{
  "name": "structured-io",
  "version": "4.0.2",
  "lockfileVersion": 2,
  "requires": true,
  "packages": {
    "": {
      "name": "structured-io",
      "version": "4.0.2",
      "license": "MIT",
      "workspaces": [
        "deps/*"
      ],
      "dependencies": {
        "@dwbinns/terminal": "^1.6.0",
        "auto-creating-map": "1.0.0",
        "buffer-io": "^2.1.0"
      }
    },
    "node_modules/@dwbinns/terminal": {
      "version": "1.6.0",
      "resolved": "https://registry.npmjs.org/@dwbinns/terminal/-/terminal-1.6.0.tgz",
      "integrity": "sha512-CtC9Jc9pNbkDCpLbWxJRTCY+s20wKYkt8TDZ7N4UHBdzSW5tFtJwhvnOCaFB7HEn7rUBUCX9OpmbmGoiK7e42g=="
    },
    "node_modules/auto-creating-map": {
      "version": "1.0.0",
      "resolved": "https://registry.npmjs.org/auto-creating-map/-/auto-creating-map-1.0.0.tgz",
      "integrity": "sha512-boOkpEvXOLKJVH1IiBACUfBSr4X2uP0zaSDXjCLfDKgLVPiEpbFyIBPnmtsTQDzB5bOcfZXrs9p24cQyfeP6Tw=="
    },
    "node_modules/buffer-io": {
      "version": "2.1.0",
      "resolved": "https://registry.npmjs.org/buffer-io/-/buffer-io-2.1.0.tgz",
      "integrity": "sha512-3Fb0PxcU7+rtiTEsJYInK9+kZSnMWiyO6hhi3z8uNQ7J6T5bsEAAzVyTLCU8c3ppYrWfiy9zW0x0cMWkBXbYqQ=="
    }
  },
  "dependencies": {
    "@dwbinns/terminal": {
      "version": "1.6.0",
      "resolved": "https://registry.npmjs.org/@dwbinns/terminal/-/terminal-1.6.0.tgz",
      "integrity": "sha512-CtC9Jc9pNbkDCpLbWxJRTCY+s20wKYkt8TDZ7N4UHBdzSW5tFtJwhvnOCaFB7HEn7rUBUCX9OpmbmGoiK7e42g=="
    },
    "auto-creating-map": {
      "version": "1.0.0",
      "resolved": "https://registry.npmjs.org/auto-creating-map/-/auto-creating-map-1.0.0.tgz",
      "integrity": "sha512-boOkpEvXOLKJVH1IiBACUfBSr4X2uP0zaSDXjCLfDKgLVPiEpbFyIBPnmtsTQDzB5bOcfZXrs9p24cQyfeP6Tw=="
    },
    "buffer-io": {
      "version": "2.1.0",
      "resolved": "https://registry.npmjs.org/buffer-io/-/buffer-io-2.1.0.tgz",
      "integrity": "sha512-3Fb0PxcU7+rtiTEsJYInK9+kZSnMWiyO6hhi3z8uNQ7J6T5bsEAAzVyTLCU8c3ppYrWfiy9zW0x0cMWkBXbYqQ=="
    }
  }
}
